
Microsoft Visual Studio Solution File, Format Version 12.00
# Visual Studio Version 17
VisualStudioVersion = 17.10.35027.167
MinimumVisualStudioVersion = 10.0.40219.1
Project("{FAE04EC0-301F-11D3-BF4B-00C04F79EFBC}") = "ComputerGraphics7", "ComputerGraphics7.csproj", "{A274842F-2DCB-4B98-9E5B-D93CC589B8AF}"
EndProject
Global
	GlobalSection(SolutionConfigurationPlatforms) = preSolution
		Debug|Any CPU = Debug|Any CPU
		Release|Any CPU = Release|Any CPU
	EndGlobalSection
	GlobalSection(ProjectConfigurationPlatforms) = postSolution
		{A274842F-2DCB-4B98-9E5B-D93CC589B8AF}.Debug|Any CPU.ActiveCfg = Debug|Any CPU
		{A274842F-2DCB-4B98-9E5B-D93CC589B8AF}.Debug|Any CPU.Build.0 = Debug|Any CPU
		{A274842F-2DCB-4B98-9E5B-D93CC589B8AF}.Release|Any CPU.ActiveCfg = Release|Any CPU
		{A274842F-2DCB-4B98-9E5B-D93CC589B8AF}.Release|Any CPU.Build.0 = Release|Any CPU
	EndGlobalSection
	GlobalSection(SolutionProperties) = preSolution
		HideSolutionNode = FALSE
	EndGlobalSection
	GlobalSection(ExtensibilityGlobals) = postSolution
		SolutionGuid = {74ECFA19-4522-479D-B042-39FFFB48E601}
	EndGlobalSection
EndGlobal
